<?xml version="1.0" encoding="utf-8"?>
<Project ToolsVersion="4.0" xmlns="http://schemas.microsoft.com/developer/msbuild/2003">
  <ItemGroup>
    <Filter Include="Source Files">
      <UniqueIdentifier>{4FC737F1-C7A5-4376-A066-2A32D752A2FF}</UniqueIdentifier>
      <Extensions>cpp;c;cc;cxx;def;odl;idl;hpj;bat;asm;asmx</Extensions>
    </Filter>
    <Filter Include="Header Files">
      <UniqueIdentifier>{93995380-89BD-4b04-88EB-625FBE52EBFB}</UniqueIdentifier>
      <Extensions>h;hpp;hxx;hm;inl;inc;xsd</Extensions>
    </Filter>
  </ItemGroup>
  <ItemGroup>
    <ClCompile Include="..\..\librpc\Auth_non.c">
      <Filter>Source Files</Filter>
    </ClCompile>
    <ClCompile Include="..\..\librpc\Auth_uni.c">
      <Filter>Source Files</Filter>
    </ClCompile>
    <ClCompile Include="..\..\librpc\authunix.c">
      <Filter>Source Files</Filter>
    </ClCompile>
    <ClCompile Include="..\..\librpc\bcopy.c">
      <Filter>Source Files</Filter>
    </ClCompile>
    <ClCompile Include="..\..\librpc\Bindresv.c">
      <Filter>Source Files</Filter>
    </ClCompile>
    <ClCompile Include="..\..\librpc\clnt_gen.c">
      <Filter>Source Files</Filter>
    </ClCompile>
    <ClCompile Include="..\..\librpc\Clnt_per.c">
      <Filter>Source Files</Filter>
    </ClCompile>
    <ClCompile Include="..\..\librpc\clnt_raw.c">
      <Filter>Source Files</Filter>
    </ClCompile>
    <ClCompile Include="..\..\librpc\clnt_sim.c">
      <Filter>Source Files</Filter>
    </ClCompile>
    <ClCompile Include="..\..\librpc\Clnt_tcp.c">
      <Filter>Source Files</Filter>
    </ClCompile>
    <ClCompile Include="..\..\librpc\Clnt_udp.c">
      <Filter>Source Files</Filter>
    </ClCompile>
    <ClCompile Include="..\..\librpc\Get_myad.c">
      <Filter>Source Files</Filter>
    </ClCompile>
    <ClCompile Include="..\..\librpc\Getrpcen.c">
      <Filter>Source Files</Filter>
    </ClCompile>
    <ClCompile Include="..\..\librpc\Getrpcpo.c">
      <Filter>Source Files</Filter>
    </ClCompile>
    <ClCompile Include="..\..\librpc\nt.c">
      <Filter>Source Files</Filter>
    </ClCompile>
    <ClCompile Include="..\..\librpc\Pmap_cln.c">
      <Filter>Source Files</Filter>
    </ClCompile>
    <ClCompile Include="..\..\librpc\pmap_get.c">
      <Filter>Source Files</Filter>
    </ClCompile>
    <ClCompile Include="..\..\librpc\pmap_gma.c">
      <Filter>Source Files</Filter>
    </ClCompile>
    <ClCompile Include="..\..\librpc\pmap_pr.c">
      <Filter>Source Files</Filter>
    </ClCompile>
    <ClCompile Include="..\..\librpc\pmap_pro.c">
      <Filter>Source Files</Filter>
    </ClCompile>
    <ClCompile Include="..\..\librpc\Pmap_rmt.c">
      <Filter>Source Files</Filter>
    </ClCompile>
    <ClCompile Include="..\..\librpc\rpc_call.c">
      <Filter>Source Files</Filter>
    </ClCompile>
    <ClCompile Include="..\..\librpc\rpc_comm.c">
      <Filter>Source Files</Filter>
    </ClCompile>
    <ClCompile Include="..\..\librpc\rpc_prot.c">
      <Filter>Source Files</Filter>
    </ClCompile>
    <ClCompile Include="..\..\librpc\Svc.c">
      <Filter>Source Files</Filter>
    </ClCompile>
    <ClCompile Include="..\..\librpc\svc_auth.c">
      <Filter>Source Files</Filter>
    </ClCompile>
    <ClCompile Include="..\..\librpc\Svc_autu.c">
      <Filter>Source Files</Filter>
    </ClCompile>
    <ClCompile Include="..\..\librpc\svc_raw.c">
      <Filter>Source Files</Filter>
    </ClCompile>
    <ClCompile Include="..\..\librpc\Svc_run.c">
      <Filter>Source Files</Filter>
    </ClCompile>
    <ClCompile Include="..\..\librpc\Svc_simp.c">
      <Filter>Source Files</Filter>
    </ClCompile>
    <ClCompile Include="..\..\librpc\Svc_tcp.c">
      <Filter>Source Files</Filter>
    </ClCompile>
    <ClCompile Include="..\..\librpc\Svc_udp.c">
      <Filter>Source Files</Filter>
    </ClCompile>
    <ClCompile Include="..\..\librpc\Xdr.c">
      <Filter>Source Files</Filter>
    </ClCompile>
    <ClCompile Include="..\..\librpc\Xdr_arra.c">
      <Filter>Source Files</Filter>
    </ClCompile>
    <ClCompile Include="..\..\librpc\xdr_floa.c">
      <Filter>Source Files</Filter>
    </ClCompile>
    <ClCompile Include="..\..\librpc\xdr_mem.c">
      <Filter>Source Files</Filter>
    </ClCompile>
    <ClCompile Include="..\..\librpc\Xdr_rec.c">
      <Filter>Source Files</Filter>
    </ClCompile>
    <ClCompile Include="..\..\librpc\Xdr_refe.c">
      <Filter>Source Files</Filter>
    </ClCompile>
    <ClCompile Include="..\..\librpc\xdr_stdi.c">
      <Filter>Source Files</Filter>
    </ClCompile>
    <ClCompile Include="..\..\librpc\Xdr_strarr.c">
      <Filter>Source Files</Filter>
    </ClCompile>
  </ItemGroup>
  <ItemGroup>
    <ClInclude Include="..\..\librpc\all_oncrpc.h">
      <Filter>Header Files</Filter>
    </ClInclude>
  </ItemGroup>
</Project>